{
  "name": "@cursed-factory/dropkit-template",
  "version": "0.1.0",
  "lockfileVersion": 3,
  "requires": true,
  "packages": {
    "": {
      "name": "@cursed-factory/dropkit-template",
      "version": "0.1.0",
      "license": "MIT",
      "dependencies": {
        "cursed-dropkit": "github:CursedFactory/cursed-dropkit"
      },
      "peerDependencies": {
        "@opencode-ai/plugin": "*"
      }
    },
    "node_modules/@opencode-ai/plugin": {
      "version": "1.2.9",
      "resolved": "https://registry.npmjs.org/@opencode-ai/plugin/-/plugin-1.2.9.tgz",
      "integrity": "sha512-lmhF0QoLnA663NwX1gXfvcqPX7+CWeSSFFmjHzfkih0iWEnEw7aIJ8Nf1p4uwoHaNBkQ4O/aKW/5/mS5GrtElQ==",
      "license": "MIT",
      "peer": true,
      "dependencies": {
        "@opencode-ai/sdk": "1.2.9",
        "zod": "4.1.8"
      }
    },
    "node_modules/@opencode-ai/sdk": {
      "version": "1.2.9",
      "resolved": "https://registry.npmjs.org/@opencode-ai/sdk/-/sdk-1.2.9.tgz",
      "integrity": "sha512-/CYOxGN93q1B/Piog2nXB1GlAs5MZJ0PvY0lhpvSxdKmXtm5o9qX5poZZRTWCUhhuJfzHZ9Ute3ojwpen7s7Rw==",
      "license": "MIT",
      "peer": true
    },
    "node_modules/cursed-dropkit": {
      "version": "0.0.1",
      "resolved": "git+ssh://git@github.com/CursedFactory/cursed-dropkit.git#1ae4e196a8d3195e67f1df24d0dd5052eb959d39",
      "license": "MIT",
      "peerDependencies": {
        "@opencode-ai/plugin": "*"
      }
    },
    "node_modules/zod": {
      "version": "4.1.8",
      "resolved": "https://registry.npmjs.org/zod/-/zod-4.1.8.tgz",
      "integrity": "sha512-5R1P+WwQqmmMIEACyzSvo4JXHY5WiAFHRMg+zBZKgKS+Q1viRa0C1hmUKtHltoIFKtIdki3pRxkmpP74jnNYHQ==",
      "license": "MIT",
      "peer": true,
      "funding": {
        "url": "https://github.com/sponsors/colinhacks"
      }
    }
  }
}
